{
  "version": 4,
  "terraform_version": "1.5.3",
  "serial": 153,
  "lineage": "75d1bfda-1d05-ee65-2fac-8553aedf2af4",
  "outputs": {
    "consul_01_ansible_host": {
      "value": "158.160.103.223",
      "type": "string"
    },
    "consul_02_ansible_host": {
      "value": "84.201.128.22",
      "type": "string"
    },
    "consul_03_ansible_host": {
      "value": "158.160.49.210",
      "type": "string"
    },
    "pg_teach_01_ansible_host": {
      "value": "62.84.119.223",
      "type": "string"
    },
    "pg_teach_02_ansible_host": {
      "value": "158.160.118.94",
      "type": "string"
    },
    "pg_teach_03_ansible_host": {
      "value": "158.160.104.69",
      "type": "string"
    },
    "teach_mon_ansible_host": {
      "value": "158.160.114.30",
      "type": "string"
    }
  },
  "resources": [
    {
      "mode": "managed",
      "type": "yandex_compute_instance",
      "name": "consul-01",
      "provider": "provider[\"registry.terraform.io/yandex-cloud/yandex\"]",
      "instances": [
        {
          "schema_version": 1,
          "attributes": {
            "allow_recreate": null,
            "allow_stopping_for_update": null,
            "boot_disk": [
              {
                "auto_delete": true,
                "device_name": "fhmm19cdujlqvvtl3t2c",
                "disk_id": "fhmm19cdujlqvvtl3t2c",
                "initialize_params": [
                  {
                    "block_size": 4096,
                    "description": "",
                    "image_id": "fd8ebb4u1u8mc6fheog1",
                    "name": "",
                    "size": 10,
                    "snapshot_id": "",
                    "type": "network-ssd"
                  }
                ],
                "mode": "READ_WRITE"
              }
            ],
            "created_at": "2023-08-03T10:39:07Z",
            "description": "",
            "filesystem": [],
            "folder_id": "b1g7jn3kmfd43b53ui4s",
            "fqdn": "consul-01.ru-central1.internal",
            "gpu_cluster_id": "",
            "hostname": "consul-01",
            "id": "fhmvr3k42l6hm1u1320v",
            "labels": null,
            "local_disk": [],
            "metadata": {
              "user-data": "#cloud-config\nusers:\n  - name: aslepov\n    groups: sudo\n    shell: /bin/bash\n    sudo: ['ALL=(ALL) NOPASSWD:ALL']\n    ssh-authorized-keys:\n      - ssh-rsa AAAAB3NzaC1yc2EAAAADAQABAAABAQDKPUc0Hs7AHn9PdxPOmNngvpecgorKRMK0BIZLTRadaA7UYSMth7T4UfxgNAPm2OXnbCmjU9IItsyhLzdYXJt3V4nyZP9AN05FSYWq60baRSbjWllf5Nqsb5AC4edFLl7dLZJGKlGn5bVUdlfZOb7d5+OBW9PH+kxT5Zs/iJ+bFSpuU7G2hK+9R8bI31uokYh8Qb7Ku02GZyHDIVsAW7P1yZ2zcIZlyuaTjfciFobBi0OI9rWNbDq5R4LribaNNZpw5jQ5gYgh0aqahhnW3u635pZsjoWjz6m6ueuZmVCUFU9Z1R3AvHKnhFiNLP6arB9hpUgKsAZF+kb3tl7MhlwF\n"
            },
            "metadata_options": [
              {
                "aws_v1_http_endpoint": 1,
                "aws_v1_http_token": 2,
                "gce_http_endpoint": 1,
                "gce_http_token": 1
              }
            ],
            "name": "consul-01",
            "network_acceleration_type": "standard",
            "network_interface": [
              {
                "dns_record": [],
                "index": 0,
                "ip_address": "10.128.0.26",
                "ipv4": true,
                "ipv6": false,
                "ipv6_address": "",
                "ipv6_dns_record": [],
                "mac_address": "d0:0d:1f:d8:e8:41",
                "nat": true,
                "nat_dns_record": [],
                "nat_ip_address": "158.160.103.223",
                "nat_ip_version": "IPV4",
                "security_group_ids": [],
                "subnet_id": "e9b76q9b573881psop2r"
              }
            ],
            "placement_policy": [
              {
                "host_affinity_rules": [],
                "placement_group_id": ""
              }
            ],
            "platform_id": "standard-v1",
            "resources": [
              {
                "core_fraction": 100,
                "cores": 2,
                "gpus": 0,
                "memory": 2
              }
            ],
            "scheduling_policy": [
              {
                "preemptible": false
              }
            ],
            "secondary_disk": [],
            "service_account_id": "",
            "status": "running",
            "timeouts": null,
            "zone": "ru-central1-a"
          },
          "sensitive_attributes": [],
          "private": "eyJlMmJmYjczMC1lY2FhLTExZTYtOGY4OC0zNDM2M2JjN2M0YzAiOnsiY3JlYXRlIjozMDAwMDAwMDAwMDAsImRlbGV0ZSI6MzAwMDAwMDAwMDAwLCJ1cGRhdGUiOjMwMDAwMDAwMDAwMH0sInNjaGVtYV92ZXJzaW9uIjoiMSJ9"
        }
      ]
    },
    {
      "mode": "managed",
      "type": "yandex_compute_instance",
      "name": "consul-02",
      "provider": "provider[\"registry.terraform.io/yandex-cloud/yandex\"]",
      "instances": [
        {
          "schema_version": 1,
          "attributes": {
            "allow_recreate": null,
            "allow_stopping_for_update": null,
            "boot_disk": [
              {
                "auto_delete": true,
                "device_name": "fhmfirelg198j3e5gb10",
                "disk_id": "fhmfirelg198j3e5gb10",
                "initialize_params": [
                  {
                    "block_size": 4096,
                    "description": "",
                    "image_id": "fd8ebb4u1u8mc6fheog1",
                    "name": "",
                    "size": 10,
                    "snapshot_id": "",
                    "type": "network-ssd"
                  }
                ],
                "mode": "READ_WRITE"
              }
            ],
            "created_at": "2023-08-03T10:39:07Z",
            "description": "",
            "filesystem": [],
            "folder_id": "b1g7jn3kmfd43b53ui4s",
            "fqdn": "consul-02.ru-central1.internal",
            "gpu_cluster_id": "",
            "hostname": "consul-02",
            "id": "fhmasa1sdg50efu43s6f",
            "labels": null,
            "local_disk": [],
            "metadata": {
              "user-data": "#cloud-config\nusers:\n  - name: aslepov\n    groups: sudo\n    shell: /bin/bash\n    sudo: ['ALL=(ALL) NOPASSWD:ALL']\n    ssh-authorized-keys:\n      - ssh-rsa AAAAB3NzaC1yc2EAAAADAQABAAABAQDKPUc0Hs7AHn9PdxPOmNngvpecgorKRMK0BIZLTRadaA7UYSMth7T4UfxgNAPm2OXnbCmjU9IItsyhLzdYXJt3V4nyZP9AN05FSYWq60baRSbjWllf5Nqsb5AC4edFLl7dLZJGKlGn5bVUdlfZOb7d5+OBW9PH+kxT5Zs/iJ+bFSpuU7G2hK+9R8bI31uokYh8Qb7Ku02GZyHDIVsAW7P1yZ2zcIZlyuaTjfciFobBi0OI9rWNbDq5R4LribaNNZpw5jQ5gYgh0aqahhnW3u635pZsjoWjz6m6ueuZmVCUFU9Z1R3AvHKnhFiNLP6arB9hpUgKsAZF+kb3tl7MhlwF\n"
            },
            "metadata_options": [
              {
                "aws_v1_http_endpoint": 1,
                "aws_v1_http_token": 2,
                "gce_http_endpoint": 1,
                "gce_http_token": 1
              }
            ],
            "name": "consul-02",
            "network_acceleration_type": "standard",
            "network_interface": [
              {
                "dns_record": [],
                "index": 0,
                "ip_address": "10.128.0.23",
                "ipv4": true,
                "ipv6": false,
                "ipv6_address": "",
                "ipv6_dns_record": [],
                "mac_address": "d0:0d:ae:28:3c:6c",
                "nat": true,
                "nat_dns_record": [],
                "nat_ip_address": "84.201.128.22",
                "nat_ip_version": "IPV4",
                "security_group_ids": [],
                "subnet_id": "e9b76q9b573881psop2r"
              }
            ],
            "placement_policy": [
              {
                "host_affinity_rules": [],
                "placement_group_id": ""
              }
            ],
            "platform_id": "standard-v1",
            "resources": [
              {
                "core_fraction": 100,
                "cores": 2,
                "gpus": 0,
                "memory": 2
              }
            ],
            "scheduling_policy": [
              {
                "preemptible": false
              }
            ],
            "secondary_disk": [],
            "service_account_id": "",
            "status": "running",
            "timeouts": null,
            "zone": "ru-central1-a"
          },
          "sensitive_attributes": [],
          "private": "eyJlMmJmYjczMC1lY2FhLTExZTYtOGY4OC0zNDM2M2JjN2M0YzAiOnsiY3JlYXRlIjozMDAwMDAwMDAwMDAsImRlbGV0ZSI6MzAwMDAwMDAwMDAwLCJ1cGRhdGUiOjMwMDAwMDAwMDAwMH0sInNjaGVtYV92ZXJzaW9uIjoiMSJ9"
        }
      ]
    },
    {
      "mode": "managed",
      "type": "yandex_compute_instance",
      "name": "consul-03",
      "provider": "provider[\"registry.terraform.io/yandex-cloud/yandex\"]",
      "instances": [
        {
          "schema_version": 1,
          "attributes": {
            "allow_recreate": null,
            "allow_stopping_for_update": null,
            "boot_disk": [
              {
                "auto_delete": true,
                "device_name": "fhmp974h0qdsnb79qpif",
                "disk_id": "fhmp974h0qdsnb79qpif",
                "initialize_params": [
                  {
                    "block_size": 4096,
                    "description": "",
                    "image_id": "fd8ebb4u1u8mc6fheog1",
                    "name": "",
                    "size": 10,
                    "snapshot_id": "",
                    "type": "network-ssd"
                  }
                ],
                "mode": "READ_WRITE"
              }
            ],
            "created_at": "2023-08-03T10:39:07Z",
            "description": "",
            "filesystem": [],
            "folder_id": "b1g7jn3kmfd43b53ui4s",
            "fqdn": "consul-03.ru-central1.internal",
            "gpu_cluster_id": "",
            "hostname": "consul-03",
            "id": "fhm9fmhp8nmpb2tfajn1",
            "labels": null,
            "local_disk": [],
            "metadata": {
              "user-data": "#cloud-config\nusers:\n  - name: aslepov\n    groups: sudo\n    shell: /bin/bash\n    sudo: ['ALL=(ALL) NOPASSWD:ALL']\n    ssh-authorized-keys:\n      - ssh-rsa AAAAB3NzaC1yc2EAAAADAQABAAABAQDKPUc0Hs7AHn9PdxPOmNngvpecgorKRMK0BIZLTRadaA7UYSMth7T4UfxgNAPm2OXnbCmjU9IItsyhLzdYXJt3V4nyZP9AN05FSYWq60baRSbjWllf5Nqsb5AC4edFLl7dLZJGKlGn5bVUdlfZOb7d5+OBW9PH+kxT5Zs/iJ+bFSpuU7G2hK+9R8bI31uokYh8Qb7Ku02GZyHDIVsAW7P1yZ2zcIZlyuaTjfciFobBi0OI9rWNbDq5R4LribaNNZpw5jQ5gYgh0aqahhnW3u635pZsjoWjz6m6ueuZmVCUFU9Z1R3AvHKnhFiNLP6arB9hpUgKsAZF+kb3tl7MhlwF\n"
            },
            "metadata_options": [
              {
                "aws_v1_http_endpoint": 1,
                "aws_v1_http_token": 2,
                "gce_http_endpoint": 1,
                "gce_http_token": 1
              }
            ],
            "name": "consul-03",
            "network_acceleration_type": "standard",
            "network_interface": [
              {
                "dns_record": [],
                "index": 0,
                "ip_address": "10.128.0.3",
                "ipv4": true,
                "ipv6": false,
                "ipv6_address": "",
                "ipv6_dns_record": [],
                "mac_address": "d0:0d:97:da:39:45",
                "nat": true,
                "nat_dns_record": [],
                "nat_ip_address": "158.160.49.210",
                "nat_ip_version": "IPV4",
                "security_group_ids": [],
                "subnet_id": "e9b76q9b573881psop2r"
              }
            ],
            "placement_policy": [
              {
                "host_affinity_rules": [],
                "placement_group_id": ""
              }
            ],
            "platform_id": "standard-v1",
            "resources": [
              {
                "core_fraction": 100,
                "cores": 2,
                "gpus": 0,
                "memory": 2
              }
            ],
            "scheduling_policy": [
              {
                "preemptible": false
              }
            ],
            "secondary_disk": [],
            "service_account_id": "",
            "status": "running",
            "timeouts": null,
            "zone": "ru-central1-a"
          },
          "sensitive_attributes": [],
          "private": "eyJlMmJmYjczMC1lY2FhLTExZTYtOGY4OC0zNDM2M2JjN2M0YzAiOnsiY3JlYXRlIjozMDAwMDAwMDAwMDAsImRlbGV0ZSI6MzAwMDAwMDAwMDAwLCJ1cGRhdGUiOjMwMDAwMDAwMDAwMH0sInNjaGVtYV92ZXJzaW9uIjoiMSJ9"
        }
      ]
    },
    {
      "mode": "managed",
      "type": "yandex_compute_instance",
      "name": "vm-1",
      "provider": "provider[\"registry.terraform.io/yandex-cloud/yandex\"]",
      "instances": [
        {
          "schema_version": 1,
          "attributes": {
            "allow_recreate": null,
            "allow_stopping_for_update": null,
            "boot_disk": [
              {
                "auto_delete": true,
                "device_name": "fhmdneujqgll73udtkl7",
                "disk_id": "fhmdneujqgll73udtkl7",
                "initialize_params": [
                  {
                    "block_size": 4096,
                    "description": "",
                    "image_id": "fd8ebb4u1u8mc6fheog1",
                    "name": "",
                    "size": 10,
                    "snapshot_id": "",
                    "type": "network-ssd"
                  }
                ],
                "mode": "READ_WRITE"
              }
            ],
            "created_at": "2023-08-03T10:39:07Z",
            "description": "",
            "filesystem": [],
            "folder_id": "b1g7jn3kmfd43b53ui4s",
            "fqdn": "pg-teach-01.ru-central1.internal",
            "gpu_cluster_id": "",
            "hostname": "pg-teach-01",
            "id": "fhmoncoos5f7s5lhjam1",
            "labels": null,
            "local_disk": [],
            "metadata": {
              "user-data": "#cloud-config\nusers:\n  - name: aslepov\n    groups: sudo\n    shell: /bin/bash\n    sudo: ['ALL=(ALL) NOPASSWD:ALL']\n    ssh-authorized-keys:\n      - ssh-rsa AAAAB3NzaC1yc2EAAAADAQABAAABAQDKPUc0Hs7AHn9PdxPOmNngvpecgorKRMK0BIZLTRadaA7UYSMth7T4UfxgNAPm2OXnbCmjU9IItsyhLzdYXJt3V4nyZP9AN05FSYWq60baRSbjWllf5Nqsb5AC4edFLl7dLZJGKlGn5bVUdlfZOb7d5+OBW9PH+kxT5Zs/iJ+bFSpuU7G2hK+9R8bI31uokYh8Qb7Ku02GZyHDIVsAW7P1yZ2zcIZlyuaTjfciFobBi0OI9rWNbDq5R4LribaNNZpw5jQ5gYgh0aqahhnW3u635pZsjoWjz6m6ueuZmVCUFU9Z1R3AvHKnhFiNLP6arB9hpUgKsAZF+kb3tl7MhlwF\n"
            },
            "metadata_options": [
              {
                "aws_v1_http_endpoint": 1,
                "aws_v1_http_token": 2,
                "gce_http_endpoint": 1,
                "gce_http_token": 1
              }
            ],
            "name": "pg-teach-01",
            "network_acceleration_type": "standard",
            "network_interface": [
              {
                "dns_record": [],
                "index": 0,
                "ip_address": "10.128.0.15",
                "ipv4": true,
                "ipv6": false,
                "ipv6_address": "",
                "ipv6_dns_record": [],
                "mac_address": "d0:0d:18:bb:31:8e",
                "nat": true,
                "nat_dns_record": [],
                "nat_ip_address": "62.84.119.223",
                "nat_ip_version": "IPV4",
                "security_group_ids": [],
                "subnet_id": "e9b76q9b573881psop2r"
              }
            ],
            "placement_policy": [
              {
                "host_affinity_rules": [],
                "placement_group_id": ""
              }
            ],
            "platform_id": "standard-v1",
            "resources": [
              {
                "core_fraction": 100,
                "cores": 2,
                "gpus": 0,
                "memory": 4
              }
            ],
            "scheduling_policy": [
              {
                "preemptible": false
              }
            ],
            "secondary_disk": [],
            "service_account_id": "",
            "status": "running",
            "timeouts": null,
            "zone": "ru-central1-a"
          },
          "sensitive_attributes": [],
          "private": "eyJlMmJmYjczMC1lY2FhLTExZTYtOGY4OC0zNDM2M2JjN2M0YzAiOnsiY3JlYXRlIjozMDAwMDAwMDAwMDAsImRlbGV0ZSI6MzAwMDAwMDAwMDAwLCJ1cGRhdGUiOjMwMDAwMDAwMDAwMH0sInNjaGVtYV92ZXJzaW9uIjoiMSJ9"
        }
      ]
    },
    {
      "mode": "managed",
      "type": "yandex_compute_instance",
      "name": "vm-2",
      "provider": "provider[\"registry.terraform.io/yandex-cloud/yandex\"]",
      "instances": [
        {
          "schema_version": 1,
          "attributes": {
            "allow_recreate": null,
            "allow_stopping_for_update": null,
            "boot_disk": [
              {
                "auto_delete": true,
                "device_name": "fhmprqg6neln9e93a45k",
                "disk_id": "fhmprqg6neln9e93a45k",
                "initialize_params": [
                  {
                    "block_size": 4096,
                    "description": "",
                    "image_id": "fd8ebb4u1u8mc6fheog1",
                    "name": "",
                    "size": 10,
                    "snapshot_id": "",
                    "type": "network-ssd"
                  }
                ],
                "mode": "READ_WRITE"
              }
            ],
            "created_at": "2023-08-03T10:39:07Z",
            "description": "",
            "filesystem": [],
            "folder_id": "b1g7jn3kmfd43b53ui4s",
            "fqdn": "pg-teach-02.ru-central1.internal",
            "gpu_cluster_id": "",
            "hostname": "pg-teach-02",
            "id": "fhmgii80ejnj5mrusrnn",
            "labels": null,
            "local_disk": [],
            "metadata": {
              "user-data": "#cloud-config\nusers:\n  - name: aslepov\n    groups: sudo\n    shell: /bin/bash\n    sudo: ['ALL=(ALL) NOPASSWD:ALL']\n    ssh-authorized-keys:\n      - ssh-rsa AAAAB3NzaC1yc2EAAAADAQABAAABAQDKPUc0Hs7AHn9PdxPOmNngvpecgorKRMK0BIZLTRadaA7UYSMth7T4UfxgNAPm2OXnbCmjU9IItsyhLzdYXJt3V4nyZP9AN05FSYWq60baRSbjWllf5Nqsb5AC4edFLl7dLZJGKlGn5bVUdlfZOb7d5+OBW9PH+kxT5Zs/iJ+bFSpuU7G2hK+9R8bI31uokYh8Qb7Ku02GZyHDIVsAW7P1yZ2zcIZlyuaTjfciFobBi0OI9rWNbDq5R4LribaNNZpw5jQ5gYgh0aqahhnW3u635pZsjoWjz6m6ueuZmVCUFU9Z1R3AvHKnhFiNLP6arB9hpUgKsAZF+kb3tl7MhlwF\n"
            },
            "metadata_options": [
              {
                "aws_v1_http_endpoint": 1,
                "aws_v1_http_token": 2,
                "gce_http_endpoint": 1,
                "gce_http_token": 1
              }
            ],
            "name": "pg-teach-02",
            "network_acceleration_type": "standard",
            "network_interface": [
              {
                "dns_record": [],
                "index": 0,
                "ip_address": "10.128.0.29",
                "ipv4": true,
                "ipv6": false,
                "ipv6_address": "",
                "ipv6_dns_record": [],
                "mac_address": "d0:0d:10:94:90:07",
                "nat": true,
                "nat_dns_record": [],
                "nat_ip_address": "158.160.118.94",
                "nat_ip_version": "IPV4",
                "security_group_ids": [],
                "subnet_id": "e9b76q9b573881psop2r"
              }
            ],
            "placement_policy": [
              {
                "host_affinity_rules": [],
                "placement_group_id": ""
              }
            ],
            "platform_id": "standard-v1",
            "resources": [
              {
                "core_fraction": 100,
                "cores": 2,
                "gpus": 0,
                "memory": 4
              }
            ],
            "scheduling_policy": [
              {
                "preemptible": false
              }
            ],
            "secondary_disk": [],
            "service_account_id": "",
            "status": "running",
            "timeouts": null,
            "zone": "ru-central1-a"
          },
          "sensitive_attributes": [],
          "private": "eyJlMmJmYjczMC1lY2FhLTExZTYtOGY4OC0zNDM2M2JjN2M0YzAiOnsiY3JlYXRlIjozMDAwMDAwMDAwMDAsImRlbGV0ZSI6MzAwMDAwMDAwMDAwLCJ1cGRhdGUiOjMwMDAwMDAwMDAwMH0sInNjaGVtYV92ZXJzaW9uIjoiMSJ9"
        }
      ]
    },
    {
      "mode": "managed",
      "type": "yandex_compute_instance",
      "name": "vm-3",
      "provider": "provider[\"registry.terraform.io/yandex-cloud/yandex\"]",
      "instances": [
        {
          "schema_version": 1,
          "attributes": {
            "allow_recreate": null,
            "allow_stopping_for_update": null,
            "boot_disk": [
              {
                "auto_delete": true,
                "device_name": "fhmjtnsuti5ggnqero20",
                "disk_id": "fhmjtnsuti5ggnqero20",
                "initialize_params": [
                  {
                    "block_size": 4096,
                    "description": "",
                    "image_id": "fd8ebb4u1u8mc6fheog1",
                    "name": "",
                    "size": 10,
                    "snapshot_id": "",
                    "type": "network-ssd"
                  }
                ],
                "mode": "READ_WRITE"
              }
            ],
            "created_at": "2023-08-03T10:39:07Z",
            "description": "",
            "filesystem": [],
            "folder_id": "b1g7jn3kmfd43b53ui4s",
            "fqdn": "pg-teach-03.ru-central1.internal",
            "gpu_cluster_id": "",
            "hostname": "pg-teach-03",
            "id": "fhm764rh6blfr5kon23p",
            "labels": null,
            "local_disk": [],
            "metadata": {
              "user-data": "#cloud-config\nusers:\n  - name: aslepov\n    groups: sudo\n    shell: /bin/bash\n    sudo: ['ALL=(ALL) NOPASSWD:ALL']\n    ssh-authorized-keys:\n      - ssh-rsa AAAAB3NzaC1yc2EAAAADAQABAAABAQDKPUc0Hs7AHn9PdxPOmNngvpecgorKRMK0BIZLTRadaA7UYSMth7T4UfxgNAPm2OXnbCmjU9IItsyhLzdYXJt3V4nyZP9AN05FSYWq60baRSbjWllf5Nqsb5AC4edFLl7dLZJGKlGn5bVUdlfZOb7d5+OBW9PH+kxT5Zs/iJ+bFSpuU7G2hK+9R8bI31uokYh8Qb7Ku02GZyHDIVsAW7P1yZ2zcIZlyuaTjfciFobBi0OI9rWNbDq5R4LribaNNZpw5jQ5gYgh0aqahhnW3u635pZsjoWjz6m6ueuZmVCUFU9Z1R3AvHKnhFiNLP6arB9hpUgKsAZF+kb3tl7MhlwF\n"
            },
            "metadata_options": [
              {
                "aws_v1_http_endpoint": 1,
                "aws_v1_http_token": 2,
                "gce_http_endpoint": 1,
                "gce_http_token": 1
              }
            ],
            "name": "pg-teach-03",
            "network_acceleration_type": "standard",
            "network_interface": [
              {
                "dns_record": [],
                "index": 0,
                "ip_address": "10.128.0.6",
                "ipv4": true,
                "ipv6": false,
                "ipv6_address": "",
                "ipv6_dns_record": [],
                "mac_address": "d0:0d:73:13:71:32",
                "nat": true,
                "nat_dns_record": [],
                "nat_ip_address": "158.160.104.69",
                "nat_ip_version": "IPV4",
                "security_group_ids": [],
                "subnet_id": "e9b76q9b573881psop2r"
              }
            ],
            "placement_policy": [
              {
                "host_affinity_rules": [],
                "placement_group_id": ""
              }
            ],
            "platform_id": "standard-v1",
            "resources": [
              {
                "core_fraction": 100,
                "cores": 2,
                "gpus": 0,
                "memory": 4
              }
            ],
            "scheduling_policy": [
              {
                "preemptible": false
              }
            ],
            "secondary_disk": [],
            "service_account_id": "",
            "status": "running",
            "timeouts": null,
            "zone": "ru-central1-a"
          },
          "sensitive_attributes": [],
          "private": "eyJlMmJmYjczMC1lY2FhLTExZTYtOGY4OC0zNDM2M2JjN2M0YzAiOnsiY3JlYXRlIjozMDAwMDAwMDAwMDAsImRlbGV0ZSI6MzAwMDAwMDAwMDAwLCJ1cGRhdGUiOjMwMDAwMDAwMDAwMH0sInNjaGVtYV92ZXJzaW9uIjoiMSJ9"
        }
      ]
    },
    {
      "mode": "managed",
      "type": "yandex_compute_instance",
      "name": "vm-mon",
      "provider": "provider[\"registry.terraform.io/yandex-cloud/yandex\"]",
      "instances": [
        {
          "schema_version": 1,
          "attributes": {
            "allow_recreate": null,
            "allow_stopping_for_update": null,
            "boot_disk": [
              {
                "auto_delete": true,
                "device_name": "fhm01s6lji21d9hpcb6g",
                "disk_id": "fhm01s6lji21d9hpcb6g",
                "initialize_params": [
                  {
                    "block_size": 4096,
                    "description": "",
                    "image_id": "fd8ebb4u1u8mc6fheog1",
                    "name": "",
                    "size": 10,
                    "snapshot_id": "",
                    "type": "network-ssd"
                  }
                ],
                "mode": "READ_WRITE"
              }
            ],
            "created_at": "2023-08-03T10:39:07Z",
            "description": "",
            "filesystem": [],
            "folder_id": "b1g7jn3kmfd43b53ui4s",
            "fqdn": "teach-mon.ru-central1.internal",
            "gpu_cluster_id": "",
            "hostname": "teach-mon",
            "id": "fhmvkv72ovlp2dj5gqv3",
            "labels": null,
            "local_disk": [],
            "metadata": {
              "user-data": "#cloud-config\nusers:\n  - name: aslepov\n    groups: sudo\n    shell: /bin/bash\n    sudo: ['ALL=(ALL) NOPASSWD:ALL']\n    ssh-authorized-keys:\n      - ssh-rsa AAAAB3NzaC1yc2EAAAADAQABAAABAQDKPUc0Hs7AHn9PdxPOmNngvpecgorKRMK0BIZLTRadaA7UYSMth7T4UfxgNAPm2OXnbCmjU9IItsyhLzdYXJt3V4nyZP9AN05FSYWq60baRSbjWllf5Nqsb5AC4edFLl7dLZJGKlGn5bVUdlfZOb7d5+OBW9PH+kxT5Zs/iJ+bFSpuU7G2hK+9R8bI31uokYh8Qb7Ku02GZyHDIVsAW7P1yZ2zcIZlyuaTjfciFobBi0OI9rWNbDq5R4LribaNNZpw5jQ5gYgh0aqahhnW3u635pZsjoWjz6m6ueuZmVCUFU9Z1R3AvHKnhFiNLP6arB9hpUgKsAZF+kb3tl7MhlwF\n"
            },
            "metadata_options": [
              {
                "aws_v1_http_endpoint": 1,
                "aws_v1_http_token": 2,
                "gce_http_endpoint": 1,
                "gce_http_token": 1
              }
            ],
            "name": "teach-mon",
            "network_acceleration_type": "standard",
            "network_interface": [
              {
                "dns_record": [],
                "index": 0,
                "ip_address": "10.128.0.28",
                "ipv4": true,
                "ipv6": false,
                "ipv6_address": "",
                "ipv6_dns_record": [],
                "mac_address": "d0:0d:1f:a7:ce:2c",
                "nat": true,
                "nat_dns_record": [],
                "nat_ip_address": "158.160.114.30",
                "nat_ip_version": "IPV4",
                "security_group_ids": [],
                "subnet_id": "e9b76q9b573881psop2r"
              }
            ],
            "placement_policy": [
              {
                "host_affinity_rules": [],
                "placement_group_id": ""
              }
            ],
            "platform_id": "standard-v1",
            "resources": [
              {
                "core_fraction": 100,
                "cores": 2,
                "gpus": 0,
                "memory": 4
              }
            ],
            "scheduling_policy": [
              {
                "preemptible": false
              }
            ],
            "secondary_disk": [],
            "service_account_id": "",
            "status": "running",
            "timeouts": null,
            "zone": "ru-central1-a"
          },
          "sensitive_attributes": [],
          "private": "eyJlMmJmYjczMC1lY2FhLTExZTYtOGY4OC0zNDM2M2JjN2M0YzAiOnsiY3JlYXRlIjozMDAwMDAwMDAwMDAsImRlbGV0ZSI6MzAwMDAwMDAwMDAwLCJ1cGRhdGUiOjMwMDAwMDAwMDAwMH0sInNjaGVtYV92ZXJzaW9uIjoiMSJ9"
        }
      ]
    }
  ],
  "check_results": null
}
