{
  "version": 4,
  "terraform_version": "1.5.3",
  "serial": 91,
  "lineage": "75d1bfda-1d05-ee65-2fac-8553aedf2af4",
  "outputs": {
    "consul_01_ansible_host": {
      "value": "158.160.63.220",
      "type": "string"
    },
    "consul_02_ansible_host": {
      "value": "158.160.115.116",
      "type": "string"
    },
    "consul_03_ansible_host": {
      "value": "158.160.111.110",
      "type": "string"
    },
    "pg_teach_01_ansible_host": {
      "value": "62.84.127.162",
      "type": "string"
    },
    "pg_teach_02_ansible_host": {
      "value": "158.160.59.229",
      "type": "string"
    },
    "pg_teach_03_ansible_host": {
      "value": "158.160.46.219",
      "type": "string"
    }
  },
  "resources": [
    {
      "mode": "managed",
      "type": "yandex_compute_instance",
      "name": "consul-01",
      "provider": "provider[\"registry.terraform.io/yandex-cloud/yandex\"]",
      "instances": [
        {
          "schema_version": 1,
          "attributes": {
            "allow_recreate": null,
            "allow_stopping_for_update": null,
            "boot_disk": [
              {
                "auto_delete": true,
                "device_name": "fhma6c94bjuml02rlol7",
                "disk_id": "fhma6c94bjuml02rlol7",
                "initialize_params": [
                  {
                    "block_size": 4096,
                    "description": "",
                    "image_id": "fd8ebb4u1u8mc6fheog1",
                    "name": "",
                    "size": 10,
                    "snapshot_id": "",
                    "type": "network-ssd"
                  }
                ],
                "mode": "READ_WRITE"
              }
            ],
            "created_at": "2023-07-27T08:40:53Z",
            "description": "",
            "filesystem": [],
            "folder_id": "b1g7jn3kmfd43b53ui4s",
            "fqdn": "consul-01.ru-central1.internal",
            "gpu_cluster_id": "",
            "hostname": "consul-01",
            "id": "fhm092e70hcgbkbpob26",
            "labels": null,
            "local_disk": [],
            "metadata": {
              "user-data": "#cloud-config\nusers:\n  - name: aslepov\n    groups: sudo\n    shell: /bin/bash\n    sudo: ['ALL=(ALL) NOPASSWD:ALL']\n    ssh-authorized-keys:\n      - ssh-rsa AAAAB3NzaC1yc2EAAAADAQABAAABAQDKPUc0Hs7AHn9PdxPOmNngvpecgorKRMK0BIZLTRadaA7UYSMth7T4UfxgNAPm2OXnbCmjU9IItsyhLzdYXJt3V4nyZP9AN05FSYWq60baRSbjWllf5Nqsb5AC4edFLl7dLZJGKlGn5bVUdlfZOb7d5+OBW9PH+kxT5Zs/iJ+bFSpuU7G2hK+9R8bI31uokYh8Qb7Ku02GZyHDIVsAW7P1yZ2zcIZlyuaTjfciFobBi0OI9rWNbDq5R4LribaNNZpw5jQ5gYgh0aqahhnW3u635pZsjoWjz6m6ueuZmVCUFU9Z1R3AvHKnhFiNLP6arB9hpUgKsAZF+kb3tl7MhlwF\n"
            },
            "metadata_options": [
              {
                "aws_v1_http_endpoint": 1,
                "aws_v1_http_token": 2,
                "gce_http_endpoint": 1,
                "gce_http_token": 1
              }
            ],
            "name": "consul-01",
            "network_acceleration_type": "standard",
            "network_interface": [
              {
                "dns_record": [],
                "index": 0,
                "ip_address": "10.128.0.20",
                "ipv4": true,
                "ipv6": false,
                "ipv6_address": "",
                "ipv6_dns_record": [],
                "mac_address": "d0:0d:48:9c:70:45",
                "nat": true,
                "nat_dns_record": [],
                "nat_ip_address": "158.160.63.220",
                "nat_ip_version": "IPV4",
                "security_group_ids": [],
                "subnet_id": "e9b76q9b573881psop2r"
              }
            ],
            "placement_policy": [
              {
                "host_affinity_rules": [],
                "placement_group_id": ""
              }
            ],
            "platform_id": "standard-v1",
            "resources": [
              {
                "core_fraction": 100,
                "cores": 2,
                "gpus": 0,
                "memory": 2
              }
            ],
            "scheduling_policy": [
              {
                "preemptible": false
              }
            ],
            "secondary_disk": [],
            "service_account_id": "",
            "status": "running",
            "timeouts": null,
            "zone": "ru-central1-a"
          },
          "sensitive_attributes": [],
          "private": "eyJlMmJmYjczMC1lY2FhLTExZTYtOGY4OC0zNDM2M2JjN2M0YzAiOnsiY3JlYXRlIjozMDAwMDAwMDAwMDAsImRlbGV0ZSI6MzAwMDAwMDAwMDAwLCJ1cGRhdGUiOjMwMDAwMDAwMDAwMH0sInNjaGVtYV92ZXJzaW9uIjoiMSJ9"
        }
      ]
    },
    {
      "mode": "managed",
      "type": "yandex_compute_instance",
      "name": "consul-02",
      "provider": "provider[\"registry.terraform.io/yandex-cloud/yandex\"]",
      "instances": [
        {
          "schema_version": 1,
          "attributes": {
            "allow_recreate": null,
            "allow_stopping_for_update": null,
            "boot_disk": [
              {
                "auto_delete": true,
                "device_name": "fhmerfj367v1obnct4ja",
                "disk_id": "fhmerfj367v1obnct4ja",
                "initialize_params": [
                  {
                    "block_size": 4096,
                    "description": "",
                    "image_id": "fd8ebb4u1u8mc6fheog1",
                    "name": "",
                    "size": 10,
                    "snapshot_id": "",
                    "type": "network-ssd"
                  }
                ],
                "mode": "READ_WRITE"
              }
            ],
            "created_at": "2023-07-27T08:40:54Z",
            "description": "",
            "filesystem": [],
            "folder_id": "b1g7jn3kmfd43b53ui4s",
            "fqdn": "consul-02.ru-central1.internal",
            "gpu_cluster_id": "",
            "hostname": "consul-02",
            "id": "fhmp7li9ocn3teodrdaq",
            "labels": null,
            "local_disk": [],
            "metadata": {
              "user-data": "#cloud-config\nusers:\n  - name: aslepov\n    groups: sudo\n    shell: /bin/bash\n    sudo: ['ALL=(ALL) NOPASSWD:ALL']\n    ssh-authorized-keys:\n      - ssh-rsa AAAAB3NzaC1yc2EAAAADAQABAAABAQDKPUc0Hs7AHn9PdxPOmNngvpecgorKRMK0BIZLTRadaA7UYSMth7T4UfxgNAPm2OXnbCmjU9IItsyhLzdYXJt3V4nyZP9AN05FSYWq60baRSbjWllf5Nqsb5AC4edFLl7dLZJGKlGn5bVUdlfZOb7d5+OBW9PH+kxT5Zs/iJ+bFSpuU7G2hK+9R8bI31uokYh8Qb7Ku02GZyHDIVsAW7P1yZ2zcIZlyuaTjfciFobBi0OI9rWNbDq5R4LribaNNZpw5jQ5gYgh0aqahhnW3u635pZsjoWjz6m6ueuZmVCUFU9Z1R3AvHKnhFiNLP6arB9hpUgKsAZF+kb3tl7MhlwF\n"
            },
            "metadata_options": [
              {
                "aws_v1_http_endpoint": 1,
                "aws_v1_http_token": 2,
                "gce_http_endpoint": 1,
                "gce_http_token": 1
              }
            ],
            "name": "consul-02",
            "network_acceleration_type": "standard",
            "network_interface": [
              {
                "dns_record": [],
                "index": 0,
                "ip_address": "10.128.0.21",
                "ipv4": true,
                "ipv6": false,
                "ipv6_address": "",
                "ipv6_dns_record": [],
                "mac_address": "d0:0d:19:3d:64:9c",
                "nat": true,
                "nat_dns_record": [],
                "nat_ip_address": "158.160.115.116",
                "nat_ip_version": "IPV4",
                "security_group_ids": [],
                "subnet_id": "e9b76q9b573881psop2r"
              }
            ],
            "placement_policy": [
              {
                "host_affinity_rules": [],
                "placement_group_id": ""
              }
            ],
            "platform_id": "standard-v1",
            "resources": [
              {
                "core_fraction": 100,
                "cores": 2,
                "gpus": 0,
                "memory": 2
              }
            ],
            "scheduling_policy": [
              {
                "preemptible": false
              }
            ],
            "secondary_disk": [],
            "service_account_id": "",
            "status": "running",
            "timeouts": null,
            "zone": "ru-central1-a"
          },
          "sensitive_attributes": [],
          "private": "eyJlMmJmYjczMC1lY2FhLTExZTYtOGY4OC0zNDM2M2JjN2M0YzAiOnsiY3JlYXRlIjozMDAwMDAwMDAwMDAsImRlbGV0ZSI6MzAwMDAwMDAwMDAwLCJ1cGRhdGUiOjMwMDAwMDAwMDAwMH0sInNjaGVtYV92ZXJzaW9uIjoiMSJ9"
        }
      ]
    },
    {
      "mode": "managed",
      "type": "yandex_compute_instance",
      "name": "consul-03",
      "provider": "provider[\"registry.terraform.io/yandex-cloud/yandex\"]",
      "instances": [
        {
          "schema_version": 1,
          "attributes": {
            "allow_recreate": null,
            "allow_stopping_for_update": null,
            "boot_disk": [
              {
                "auto_delete": true,
                "device_name": "fhm19rhlqoi1k8m16trq",
                "disk_id": "fhm19rhlqoi1k8m16trq",
                "initialize_params": [
                  {
                    "block_size": 4096,
                    "description": "",
                    "image_id": "fd8ebb4u1u8mc6fheog1",
                    "name": "",
                    "size": 10,
                    "snapshot_id": "",
                    "type": "network-ssd"
                  }
                ],
                "mode": "READ_WRITE"
              }
            ],
            "created_at": "2023-07-27T08:40:53Z",
            "description": "",
            "filesystem": [],
            "folder_id": "b1g7jn3kmfd43b53ui4s",
            "fqdn": "consul-03.ru-central1.internal",
            "gpu_cluster_id": "",
            "hostname": "consul-03",
            "id": "fhmb0go7c4ka4afqcpth",
            "labels": null,
            "local_disk": [],
            "metadata": {
              "user-data": "#cloud-config\nusers:\n  - name: aslepov\n    groups: sudo\n    shell: /bin/bash\n    sudo: ['ALL=(ALL) NOPASSWD:ALL']\n    ssh-authorized-keys:\n      - ssh-rsa AAAAB3NzaC1yc2EAAAADAQABAAABAQDKPUc0Hs7AHn9PdxPOmNngvpecgorKRMK0BIZLTRadaA7UYSMth7T4UfxgNAPm2OXnbCmjU9IItsyhLzdYXJt3V4nyZP9AN05FSYWq60baRSbjWllf5Nqsb5AC4edFLl7dLZJGKlGn5bVUdlfZOb7d5+OBW9PH+kxT5Zs/iJ+bFSpuU7G2hK+9R8bI31uokYh8Qb7Ku02GZyHDIVsAW7P1yZ2zcIZlyuaTjfciFobBi0OI9rWNbDq5R4LribaNNZpw5jQ5gYgh0aqahhnW3u635pZsjoWjz6m6ueuZmVCUFU9Z1R3AvHKnhFiNLP6arB9hpUgKsAZF+kb3tl7MhlwF\n"
            },
            "metadata_options": [
              {
                "aws_v1_http_endpoint": 1,
                "aws_v1_http_token": 2,
                "gce_http_endpoint": 1,
                "gce_http_token": 1
              }
            ],
            "name": "consul-03",
            "network_acceleration_type": "standard",
            "network_interface": [
              {
                "dns_record": [],
                "index": 0,
                "ip_address": "10.128.0.18",
                "ipv4": true,
                "ipv6": false,
                "ipv6_address": "",
                "ipv6_dns_record": [],
                "mac_address": "d0:0d:b0:43:07:61",
                "nat": true,
                "nat_dns_record": [],
                "nat_ip_address": "158.160.111.110",
                "nat_ip_version": "IPV4",
                "security_group_ids": [],
                "subnet_id": "e9b76q9b573881psop2r"
              }
            ],
            "placement_policy": [
              {
                "host_affinity_rules": [],
                "placement_group_id": ""
              }
            ],
            "platform_id": "standard-v1",
            "resources": [
              {
                "core_fraction": 100,
                "cores": 2,
                "gpus": 0,
                "memory": 2
              }
            ],
            "scheduling_policy": [
              {
                "preemptible": false
              }
            ],
            "secondary_disk": [],
            "service_account_id": "",
            "status": "running",
            "timeouts": null,
            "zone": "ru-central1-a"
          },
          "sensitive_attributes": [],
          "private": "eyJlMmJmYjczMC1lY2FhLTExZTYtOGY4OC0zNDM2M2JjN2M0YzAiOnsiY3JlYXRlIjozMDAwMDAwMDAwMDAsImRlbGV0ZSI6MzAwMDAwMDAwMDAwLCJ1cGRhdGUiOjMwMDAwMDAwMDAwMH0sInNjaGVtYV92ZXJzaW9uIjoiMSJ9"
        }
      ]
    },
    {
      "mode": "managed",
      "type": "yandex_compute_instance",
      "name": "vm-1",
      "provider": "provider[\"registry.terraform.io/yandex-cloud/yandex\"]",
      "instances": [
        {
          "schema_version": 1,
          "attributes": {
            "allow_recreate": null,
            "allow_stopping_for_update": null,
            "boot_disk": [
              {
                "auto_delete": true,
                "device_name": "fhmah0tlepvrhiuhsuad",
                "disk_id": "fhmah0tlepvrhiuhsuad",
                "initialize_params": [
                  {
                    "block_size": 4096,
                    "description": "",
                    "image_id": "fd8ebb4u1u8mc6fheog1",
                    "name": "",
                    "size": 10,
                    "snapshot_id": "",
                    "type": "network-ssd"
                  }
                ],
                "mode": "READ_WRITE"
              }
            ],
            "created_at": "2023-07-27T08:37:18Z",
            "description": "",
            "filesystem": [],
            "folder_id": "b1g7jn3kmfd43b53ui4s",
            "fqdn": "pg-teach-01.ru-central1.internal",
            "gpu_cluster_id": "",
            "hostname": "pg-teach-01",
            "id": "fhmnaaemjt77f9o94q26",
            "labels": {},
            "local_disk": [],
            "metadata": {
              "user-data": "#cloud-config\nusers:\n  - name: aslepov\n    groups: sudo\n    shell: /bin/bash\n    sudo: ['ALL=(ALL) NOPASSWD:ALL']\n    ssh-authorized-keys:\n      - ssh-rsa AAAAB3NzaC1yc2EAAAADAQABAAABAQDKPUc0Hs7AHn9PdxPOmNngvpecgorKRMK0BIZLTRadaA7UYSMth7T4UfxgNAPm2OXnbCmjU9IItsyhLzdYXJt3V4nyZP9AN05FSYWq60baRSbjWllf5Nqsb5AC4edFLl7dLZJGKlGn5bVUdlfZOb7d5+OBW9PH+kxT5Zs/iJ+bFSpuU7G2hK+9R8bI31uokYh8Qb7Ku02GZyHDIVsAW7P1yZ2zcIZlyuaTjfciFobBi0OI9rWNbDq5R4LribaNNZpw5jQ5gYgh0aqahhnW3u635pZsjoWjz6m6ueuZmVCUFU9Z1R3AvHKnhFiNLP6arB9hpUgKsAZF+kb3tl7MhlwF\n"
            },
            "metadata_options": [
              {
                "aws_v1_http_endpoint": 1,
                "aws_v1_http_token": 2,
                "gce_http_endpoint": 1,
                "gce_http_token": 1
              }
            ],
            "name": "pg-teach-01",
            "network_acceleration_type": "standard",
            "network_interface": [
              {
                "dns_record": [],
                "index": 0,
                "ip_address": "10.128.0.12",
                "ipv4": true,
                "ipv6": false,
                "ipv6_address": "",
                "ipv6_dns_record": [],
                "mac_address": "d0:0d:17:52:9d:69",
                "nat": true,
                "nat_dns_record": [],
                "nat_ip_address": "62.84.127.162",
                "nat_ip_version": "IPV4",
                "security_group_ids": [],
                "subnet_id": "e9b76q9b573881psop2r"
              }
            ],
            "placement_policy": [
              {
                "host_affinity_rules": [],
                "placement_group_id": ""
              }
            ],
            "platform_id": "standard-v1",
            "resources": [
              {
                "core_fraction": 100,
                "cores": 2,
                "gpus": 0,
                "memory": 4
              }
            ],
            "scheduling_policy": [
              {
                "preemptible": false
              }
            ],
            "secondary_disk": [],
            "service_account_id": "",
            "status": "running",
            "timeouts": null,
            "zone": "ru-central1-a"
          },
          "sensitive_attributes": [],
          "private": "eyJlMmJmYjczMC1lY2FhLTExZTYtOGY4OC0zNDM2M2JjN2M0YzAiOnsiY3JlYXRlIjozMDAwMDAwMDAwMDAsImRlbGV0ZSI6MzAwMDAwMDAwMDAwLCJ1cGRhdGUiOjMwMDAwMDAwMDAwMH0sInNjaGVtYV92ZXJzaW9uIjoiMSJ9"
        }
      ]
    },
    {
      "mode": "managed",
      "type": "yandex_compute_instance",
      "name": "vm-2",
      "provider": "provider[\"registry.terraform.io/yandex-cloud/yandex\"]",
      "instances": [
        {
          "schema_version": 1,
          "attributes": {
            "allow_recreate": null,
            "allow_stopping_for_update": null,
            "boot_disk": [
              {
                "auto_delete": true,
                "device_name": "fhm10alds08lu0kg5h6q",
                "disk_id": "fhm10alds08lu0kg5h6q",
                "initialize_params": [
                  {
                    "block_size": 4096,
                    "description": "",
                    "image_id": "fd8ebb4u1u8mc6fheog1",
                    "name": "",
                    "size": 10,
                    "snapshot_id": "",
                    "type": "network-ssd"
                  }
                ],
                "mode": "READ_WRITE"
              }
            ],
            "created_at": "2023-07-27T08:37:18Z",
            "description": "",
            "filesystem": [],
            "folder_id": "b1g7jn3kmfd43b53ui4s",
            "fqdn": "pg-teach-02.ru-central1.internal",
            "gpu_cluster_id": "",
            "hostname": "pg-teach-02",
            "id": "fhmmafsrfc4s8tjho83k",
            "labels": {},
            "local_disk": [],
            "metadata": {
              "user-data": "#cloud-config\nusers:\n  - name: aslepov\n    groups: sudo\n    shell: /bin/bash\n    sudo: ['ALL=(ALL) NOPASSWD:ALL']\n    ssh-authorized-keys:\n      - ssh-rsa AAAAB3NzaC1yc2EAAAADAQABAAABAQDKPUc0Hs7AHn9PdxPOmNngvpecgorKRMK0BIZLTRadaA7UYSMth7T4UfxgNAPm2OXnbCmjU9IItsyhLzdYXJt3V4nyZP9AN05FSYWq60baRSbjWllf5Nqsb5AC4edFLl7dLZJGKlGn5bVUdlfZOb7d5+OBW9PH+kxT5Zs/iJ+bFSpuU7G2hK+9R8bI31uokYh8Qb7Ku02GZyHDIVsAW7P1yZ2zcIZlyuaTjfciFobBi0OI9rWNbDq5R4LribaNNZpw5jQ5gYgh0aqahhnW3u635pZsjoWjz6m6ueuZmVCUFU9Z1R3AvHKnhFiNLP6arB9hpUgKsAZF+kb3tl7MhlwF\n"
            },
            "metadata_options": [
              {
                "aws_v1_http_endpoint": 1,
                "aws_v1_http_token": 2,
                "gce_http_endpoint": 1,
                "gce_http_token": 1
              }
            ],
            "name": "pg-teach-02",
            "network_acceleration_type": "standard",
            "network_interface": [
              {
                "dns_record": [],
                "index": 0,
                "ip_address": "10.128.0.23",
                "ipv4": true,
                "ipv6": false,
                "ipv6_address": "",
                "ipv6_dns_record": [],
                "mac_address": "d0:0d:16:53:f9:b7",
                "nat": true,
                "nat_dns_record": [],
                "nat_ip_address": "158.160.59.229",
                "nat_ip_version": "IPV4",
                "security_group_ids": [],
                "subnet_id": "e9b76q9b573881psop2r"
              }
            ],
            "placement_policy": [
              {
                "host_affinity_rules": [],
                "placement_group_id": ""
              }
            ],
            "platform_id": "standard-v1",
            "resources": [
              {
                "core_fraction": 100,
                "cores": 2,
                "gpus": 0,
                "memory": 4
              }
            ],
            "scheduling_policy": [
              {
                "preemptible": false
              }
            ],
            "secondary_disk": [],
            "service_account_id": "",
            "status": "running",
            "timeouts": null,
            "zone": "ru-central1-a"
          },
          "sensitive_attributes": [],
          "private": "eyJlMmJmYjczMC1lY2FhLTExZTYtOGY4OC0zNDM2M2JjN2M0YzAiOnsiY3JlYXRlIjozMDAwMDAwMDAwMDAsImRlbGV0ZSI6MzAwMDAwMDAwMDAwLCJ1cGRhdGUiOjMwMDAwMDAwMDAwMH0sInNjaGVtYV92ZXJzaW9uIjoiMSJ9"
        }
      ]
    },
    {
      "mode": "managed",
      "type": "yandex_compute_instance",
      "name": "vm-3",
      "provider": "provider[\"registry.terraform.io/yandex-cloud/yandex\"]",
      "instances": [
        {
          "schema_version": 1,
          "attributes": {
            "allow_recreate": null,
            "allow_stopping_for_update": null,
            "boot_disk": [
              {
                "auto_delete": true,
                "device_name": "fhm8sgpt0e3ednmcnmf8",
                "disk_id": "fhm8sgpt0e3ednmcnmf8",
                "initialize_params": [
                  {
                    "block_size": 4096,
                    "description": "",
                    "image_id": "fd8ebb4u1u8mc6fheog1",
                    "name": "",
                    "size": 10,
                    "snapshot_id": "",
                    "type": "network-ssd"
                  }
                ],
                "mode": "READ_WRITE"
              }
            ],
            "created_at": "2023-07-27T08:37:18Z",
            "description": "",
            "filesystem": [],
            "folder_id": "b1g7jn3kmfd43b53ui4s",
            "fqdn": "pg-teach-03.ru-central1.internal",
            "gpu_cluster_id": "",
            "hostname": "pg-teach-03",
            "id": "fhmeei54sjaelfk91gme",
            "labels": {},
            "local_disk": [],
            "metadata": {
              "user-data": "#cloud-config\nusers:\n  - name: aslepov\n    groups: sudo\n    shell: /bin/bash\n    sudo: ['ALL=(ALL) NOPASSWD:ALL']\n    ssh-authorized-keys:\n      - ssh-rsa AAAAB3NzaC1yc2EAAAADAQABAAABAQDKPUc0Hs7AHn9PdxPOmNngvpecgorKRMK0BIZLTRadaA7UYSMth7T4UfxgNAPm2OXnbCmjU9IItsyhLzdYXJt3V4nyZP9AN05FSYWq60baRSbjWllf5Nqsb5AC4edFLl7dLZJGKlGn5bVUdlfZOb7d5+OBW9PH+kxT5Zs/iJ+bFSpuU7G2hK+9R8bI31uokYh8Qb7Ku02GZyHDIVsAW7P1yZ2zcIZlyuaTjfciFobBi0OI9rWNbDq5R4LribaNNZpw5jQ5gYgh0aqahhnW3u635pZsjoWjz6m6ueuZmVCUFU9Z1R3AvHKnhFiNLP6arB9hpUgKsAZF+kb3tl7MhlwF\n"
            },
            "metadata_options": [
              {
                "aws_v1_http_endpoint": 1,
                "aws_v1_http_token": 2,
                "gce_http_endpoint": 1,
                "gce_http_token": 1
              }
            ],
            "name": "pg-teach-03",
            "network_acceleration_type": "standard",
            "network_interface": [
              {
                "dns_record": [],
                "index": 0,
                "ip_address": "10.128.0.10",
                "ipv4": true,
                "ipv6": false,
                "ipv6_address": "",
                "ipv6_dns_record": [],
                "mac_address": "d0:0d:e7:48:a4:e4",
                "nat": true,
                "nat_dns_record": [],
                "nat_ip_address": "158.160.46.219",
                "nat_ip_version": "IPV4",
                "security_group_ids": [],
                "subnet_id": "e9b76q9b573881psop2r"
              }
            ],
            "placement_policy": [
              {
                "host_affinity_rules": [],
                "placement_group_id": ""
              }
            ],
            "platform_id": "standard-v1",
            "resources": [
              {
                "core_fraction": 100,
                "cores": 2,
                "gpus": 0,
                "memory": 4
              }
            ],
            "scheduling_policy": [
              {
                "preemptible": false
              }
            ],
            "secondary_disk": [],
            "service_account_id": "",
            "status": "running",
            "timeouts": null,
            "zone": "ru-central1-a"
          },
          "sensitive_attributes": [],
          "private": "eyJlMmJmYjczMC1lY2FhLTExZTYtOGY4OC0zNDM2M2JjN2M0YzAiOnsiY3JlYXRlIjozMDAwMDAwMDAwMDAsImRlbGV0ZSI6MzAwMDAwMDAwMDAwLCJ1cGRhdGUiOjMwMDAwMDAwMDAwMH0sInNjaGVtYV92ZXJzaW9uIjoiMSJ9"
        }
      ]
    }
  ],
  "check_results": null
}
