{
  "version": 4,
  "terraform_version": "1.5.3",
  "serial": 24,
  "lineage": "75d1bfda-1d05-ee65-2fac-8553aedf2af4",
  "outputs": {
    "external_ip_address_vm_1": {
      "value": "51.250.95.193",
      "type": "string"
    },
    "external_ip_address_vm_2": {
      "value": "51.250.11.116",
      "type": "string"
    },
    "external_ip_address_vm_3": {
      "value": "51.250.87.24",
      "type": "string"
    },
    "internal_ip_address_vm_1": {
      "value": "10.128.0.7",
      "type": "string"
    },
    "internal_ip_address_vm_2": {
      "value": "10.128.0.4",
      "type": "string"
    },
    "internal_ip_address_vm_3": {
      "value": "10.128.0.17",
      "type": "string"
    }
  },
  "resources": [
    {
      "mode": "managed",
      "type": "yandex_compute_instance",
      "name": "vm-1",
      "provider": "provider[\"registry.terraform.io/yandex-cloud/yandex\"]",
      "instances": [
        {
          "schema_version": 1,
          "attributes": {
            "allow_recreate": null,
            "allow_stopping_for_update": null,
            "boot_disk": [
              {
                "auto_delete": true,
                "device_name": "fhm6l4o0glirpr9c0fdd",
                "disk_id": "fhm6l4o0glirpr9c0fdd",
                "initialize_params": [
                  {
                    "block_size": 4096,
                    "description": "",
                    "image_id": "fd8ebb4u1u8mc6fheog1",
                    "name": "",
                    "size": 10,
                    "snapshot_id": "",
                    "type": "network-ssd"
                  }
                ],
                "mode": "READ_WRITE"
              }
            ],
            "created_at": "2023-07-23T22:59:09Z",
            "description": "",
            "filesystem": [],
            "folder_id": "b1g7jn3kmfd43b53ui4s",
            "fqdn": "pg-teach-01.ru-central1.internal",
            "gpu_cluster_id": "",
            "hostname": "pg-teach-01",
            "id": "fhmq1hmjvuvg6qtf5bd0",
            "labels": null,
            "local_disk": [],
            "metadata": {
              "user-data": "#cloud-config\nusers:\n  - name: aslepov\n    groups: sudo\n    shell: /bin/bash\n    sudo: ['ALL=(ALL) NOPASSWD:ALL']\n    ssh-authorized-keys:\n      - ssh-rsa AAAAB3NzaC1yc2EAAAADAQABAAABAQDKPUc0Hs7AHn9PdxPOmNngvpecgorKRMK0BIZLTRadaA7UYSMth7T4UfxgNAPm2OXnbCmjU9IItsyhLzdYXJt3V4nyZP9AN05FSYWq60baRSbjWllf5Nqsb5AC4edFLl7dLZJGKlGn5bVUdlfZOb7d5+OBW9PH+kxT5Zs/iJ+bFSpuU7G2hK+9R8bI31uokYh8Qb7Ku02GZyHDIVsAW7P1yZ2zcIZlyuaTjfciFobBi0OI9rWNbDq5R4LribaNNZpw5jQ5gYgh0aqahhnW3u635pZsjoWjz6m6ueuZmVCUFU9Z1R3AvHKnhFiNLP6arB9hpUgKsAZF+kb3tl7MhlwF\n"
            },
            "metadata_options": [
              {
                "aws_v1_http_endpoint": 1,
                "aws_v1_http_token": 2,
                "gce_http_endpoint": 1,
                "gce_http_token": 1
              }
            ],
            "name": "pg-teach-01",
            "network_acceleration_type": "standard",
            "network_interface": [
              {
                "dns_record": [],
                "index": 0,
                "ip_address": "10.128.0.7",
                "ipv4": true,
                "ipv6": false,
                "ipv6_address": "",
                "ipv6_dns_record": [],
                "mac_address": "d0:0d:1a:0c:6d:3f",
                "nat": true,
                "nat_dns_record": [],
                "nat_ip_address": "51.250.95.193",
                "nat_ip_version": "IPV4",
                "security_group_ids": [],
                "subnet_id": "e9b76q9b573881psop2r"
              }
            ],
            "placement_policy": [
              {
                "host_affinity_rules": [],
                "placement_group_id": ""
              }
            ],
            "platform_id": "standard-v1",
            "resources": [
              {
                "core_fraction": 100,
                "cores": 2,
                "gpus": 0,
                "memory": 4
              }
            ],
            "scheduling_policy": [
              {
                "preemptible": false
              }
            ],
            "secondary_disk": [],
            "service_account_id": "",
            "status": "running",
            "timeouts": null,
            "zone": "ru-central1-a"
          },
          "sensitive_attributes": [],
          "private": "eyJlMmJmYjczMC1lY2FhLTExZTYtOGY4OC0zNDM2M2JjN2M0YzAiOnsiY3JlYXRlIjozMDAwMDAwMDAwMDAsImRlbGV0ZSI6MzAwMDAwMDAwMDAwLCJ1cGRhdGUiOjMwMDAwMDAwMDAwMH0sInNjaGVtYV92ZXJzaW9uIjoiMSJ9"
        }
      ]
    },
    {
      "mode": "managed",
      "type": "yandex_compute_instance",
      "name": "vm-2",
      "provider": "provider[\"registry.terraform.io/yandex-cloud/yandex\"]",
      "instances": [
        {
          "schema_version": 1,
          "attributes": {
            "allow_recreate": null,
            "allow_stopping_for_update": null,
            "boot_disk": [
              {
                "auto_delete": true,
                "device_name": "fhm8j6r2fgv44292a853",
                "disk_id": "fhm8j6r2fgv44292a853",
                "initialize_params": [
                  {
                    "block_size": 4096,
                    "description": "",
                    "image_id": "fd8ebb4u1u8mc6fheog1",
                    "name": "",
                    "size": 10,
                    "snapshot_id": "",
                    "type": "network-ssd"
                  }
                ],
                "mode": "READ_WRITE"
              }
            ],
            "created_at": "2023-07-23T22:59:11Z",
            "description": "",
            "filesystem": [],
            "folder_id": "b1g7jn3kmfd43b53ui4s",
            "fqdn": "pg-teach-02.ru-central1.internal",
            "gpu_cluster_id": "",
            "hostname": "pg-teach-02",
            "id": "fhmrogtrrae6kfvfh0a8",
            "labels": null,
            "local_disk": [],
            "metadata": {
              "user-data": "#cloud-config\nusers:\n  - name: aslepov\n    groups: sudo\n    shell: /bin/bash\n    sudo: ['ALL=(ALL) NOPASSWD:ALL']\n    ssh-authorized-keys:\n      - ssh-rsa AAAAB3NzaC1yc2EAAAADAQABAAABAQDKPUc0Hs7AHn9PdxPOmNngvpecgorKRMK0BIZLTRadaA7UYSMth7T4UfxgNAPm2OXnbCmjU9IItsyhLzdYXJt3V4nyZP9AN05FSYWq60baRSbjWllf5Nqsb5AC4edFLl7dLZJGKlGn5bVUdlfZOb7d5+OBW9PH+kxT5Zs/iJ+bFSpuU7G2hK+9R8bI31uokYh8Qb7Ku02GZyHDIVsAW7P1yZ2zcIZlyuaTjfciFobBi0OI9rWNbDq5R4LribaNNZpw5jQ5gYgh0aqahhnW3u635pZsjoWjz6m6ueuZmVCUFU9Z1R3AvHKnhFiNLP6arB9hpUgKsAZF+kb3tl7MhlwF\n"
            },
            "metadata_options": [
              {
                "aws_v1_http_endpoint": 1,
                "aws_v1_http_token": 2,
                "gce_http_endpoint": 1,
                "gce_http_token": 1
              }
            ],
            "name": "pg-teach-02",
            "network_acceleration_type": "standard",
            "network_interface": [
              {
                "dns_record": [],
                "index": 0,
                "ip_address": "10.128.0.4",
                "ipv4": true,
                "ipv6": false,
                "ipv6_address": "",
                "ipv6_dns_record": [],
                "mac_address": "d0:0d:1b:c4:3b:bd",
                "nat": true,
                "nat_dns_record": [],
                "nat_ip_address": "51.250.11.116",
                "nat_ip_version": "IPV4",
                "security_group_ids": [],
                "subnet_id": "e9b76q9b573881psop2r"
              }
            ],
            "placement_policy": [
              {
                "host_affinity_rules": [],
                "placement_group_id": ""
              }
            ],
            "platform_id": "standard-v1",
            "resources": [
              {
                "core_fraction": 100,
                "cores": 2,
                "gpus": 0,
                "memory": 4
              }
            ],
            "scheduling_policy": [
              {
                "preemptible": false
              }
            ],
            "secondary_disk": [],
            "service_account_id": "",
            "status": "running",
            "timeouts": null,
            "zone": "ru-central1-a"
          },
          "sensitive_attributes": [],
          "private": "eyJlMmJmYjczMC1lY2FhLTExZTYtOGY4OC0zNDM2M2JjN2M0YzAiOnsiY3JlYXRlIjozMDAwMDAwMDAwMDAsImRlbGV0ZSI6MzAwMDAwMDAwMDAwLCJ1cGRhdGUiOjMwMDAwMDAwMDAwMH0sInNjaGVtYV92ZXJzaW9uIjoiMSJ9"
        }
      ]
    },
    {
      "mode": "managed",
      "type": "yandex_compute_instance",
      "name": "vm-3",
      "provider": "provider[\"registry.terraform.io/yandex-cloud/yandex\"]",
      "instances": [
        {
          "schema_version": 1,
          "attributes": {
            "allow_recreate": null,
            "allow_stopping_for_update": null,
            "boot_disk": [
              {
                "auto_delete": true,
                "device_name": "fhmg3p9ikcs9lqe4ulhu",
                "disk_id": "fhmg3p9ikcs9lqe4ulhu",
                "initialize_params": [
                  {
                    "block_size": 4096,
                    "description": "",
                    "image_id": "fd8ebb4u1u8mc6fheog1",
                    "name": "",
                    "size": 10,
                    "snapshot_id": "",
                    "type": "network-ssd"
                  }
                ],
                "mode": "READ_WRITE"
              }
            ],
            "created_at": "2023-07-23T22:59:09Z",
            "description": "",
            "filesystem": [],
            "folder_id": "b1g7jn3kmfd43b53ui4s",
            "fqdn": "pg-teach-03.ru-central1.internal",
            "gpu_cluster_id": "",
            "hostname": "pg-teach-03",
            "id": "fhm2e1ifr5mr9sucd3c2",
            "labels": null,
            "local_disk": [],
            "metadata": {
              "user-data": "#cloud-config\nusers:\n  - name: aslepov\n    groups: sudo\n    shell: /bin/bash\n    sudo: ['ALL=(ALL) NOPASSWD:ALL']\n    ssh-authorized-keys:\n      - ssh-rsa AAAAB3NzaC1yc2EAAAADAQABAAABAQDKPUc0Hs7AHn9PdxPOmNngvpecgorKRMK0BIZLTRadaA7UYSMth7T4UfxgNAPm2OXnbCmjU9IItsyhLzdYXJt3V4nyZP9AN05FSYWq60baRSbjWllf5Nqsb5AC4edFLl7dLZJGKlGn5bVUdlfZOb7d5+OBW9PH+kxT5Zs/iJ+bFSpuU7G2hK+9R8bI31uokYh8Qb7Ku02GZyHDIVsAW7P1yZ2zcIZlyuaTjfciFobBi0OI9rWNbDq5R4LribaNNZpw5jQ5gYgh0aqahhnW3u635pZsjoWjz6m6ueuZmVCUFU9Z1R3AvHKnhFiNLP6arB9hpUgKsAZF+kb3tl7MhlwF\n"
            },
            "metadata_options": [
              {
                "aws_v1_http_endpoint": 1,
                "aws_v1_http_token": 2,
                "gce_http_endpoint": 1,
                "gce_http_token": 1
              }
            ],
            "name": "pg-teach-03",
            "network_acceleration_type": "standard",
            "network_interface": [
              {
                "dns_record": [],
                "index": 0,
                "ip_address": "10.128.0.17",
                "ipv4": true,
                "ipv6": false,
                "ipv6_address": "",
                "ipv6_dns_record": [],
                "mac_address": "d0:0d:27:06:4f:d9",
                "nat": true,
                "nat_dns_record": [],
                "nat_ip_address": "51.250.87.24",
                "nat_ip_version": "IPV4",
                "security_group_ids": [],
                "subnet_id": "e9b76q9b573881psop2r"
              }
            ],
            "placement_policy": [
              {
                "host_affinity_rules": [],
                "placement_group_id": ""
              }
            ],
            "platform_id": "standard-v1",
            "resources": [
              {
                "core_fraction": 100,
                "cores": 2,
                "gpus": 0,
                "memory": 4
              }
            ],
            "scheduling_policy": [
              {
                "preemptible": false
              }
            ],
            "secondary_disk": [],
            "service_account_id": "",
            "status": "running",
            "timeouts": null,
            "zone": "ru-central1-a"
          },
          "sensitive_attributes": [],
          "private": "eyJlMmJmYjczMC1lY2FhLTExZTYtOGY4OC0zNDM2M2JjN2M0YzAiOnsiY3JlYXRlIjozMDAwMDAwMDAwMDAsImRlbGV0ZSI6MzAwMDAwMDAwMDAwLCJ1cGRhdGUiOjMwMDAwMDAwMDAwMH0sInNjaGVtYV92ZXJzaW9uIjoiMSJ9"
        }
      ]
    }
  ],
  "check_results": null
}
